
Microsoft Visual Studio Solution File, Format Version 12.00
# Visual Studio Version 17
VisualStudioVersion = 17.3.32811.315
MinimumVisualStudioVersion = 10.0.40219.1
Project("{FAE04EC0-301F-11D3-BF4B-00C04F79EFBC}") = "RepoTry", "RepoTry.csproj", "{4DEA5F26-CAFB-4E84-B095-6E52C81622A9}"
EndProject
Global
	GlobalSection(SolutionConfigurationPlatforms) = preSolution
		Debug|Any CPU = Debug|Any CPU
		Release|Any CPU = Release|Any CPU
	EndGlobalSection
	GlobalSection(ProjectConfigurationPlatforms) = postSolution
		{4DEA5F26-CAFB-4E84-B095-6E52C81622A9}.Debug|Any CPU.ActiveCfg = Debug|Any CPU
		{4DEA5F26-CAFB-4E84-B095-6E52C81622A9}.Debug|Any CPU.Build.0 = Debug|Any CPU
		{4DEA5F26-CAFB-4E84-B095-6E52C81622A9}.Release|Any CPU.ActiveCfg = Release|Any CPU
		{4DEA5F26-CAFB-4E84-B095-6E52C81622A9}.Release|Any CPU.Build.0 = Release|Any CPU
	EndGlobalSection
	GlobalSection(SolutionProperties) = preSolution
		HideSolutionNode = FALSE
	EndGlobalSection
	GlobalSection(ExtensibilityGlobals) = postSolution
		SolutionGuid = {C2863FD3-3722-47AB-A57F-0BC71F5ED0FD}
	EndGlobalSection
EndGlobal
